// !$*UTF8*$!
{
	archiveVersion = 1;
	classes = {
	};
	objectVersion = 46;
	objects = {

/* Begin PBXBuildFile section */
		9C6BCDFC5AB18D082B997E62 /* Pods_Cookbook.framework in Frameworks */ = {isa = PBXBuildFile; fileRef = DE01A7B96F1ED69829CA3A79 /* Pods_Cookbook.framework */; };
		A11EAD7D1E993AF400AB8F6E /* Fonts.swift in Sources */ = {isa = PBXBuildFile; fileRef = A11EAD7C1E993AF400AB8F6E /* Fonts.swift */; };
		A11EAD7F1E9941F200AB8F6E /* TableAdapter.swift in Sources */ = {isa = PBXBuildFile; fileRef = A11EAD7E1E9941F200AB8F6E /* TableAdapter.swift */; };
		A11EAD811E99423F00AB8F6E /* BaseCell.swift in Sources */ = {isa = PBXBuildFile; fileRef = A11EAD801E99423F00AB8F6E /* BaseCell.swift */; };
		A13722E21E98AE800084F01E /* AppDelegate.swift in Sources */ = {isa = PBXBuildFile; fileRef = A13722D81E98AE800084F01E /* AppDelegate.swift */; };
		A13722E61E98AE800084F01E /* ListController.swift in Sources */ = {isa = PBXBuildFile; fileRef = A13722E01E98AE800084F01E /* ListController.swift */; };
		A13722EC1E9903240084F01E /* APIService.swift in Sources */ = {isa = PBXBuildFile; fileRef = A13722E91E9903240084F01E /* APIService.swift */; };
		A13722ED1E9903240084F01E /* CookbookAPIService.swift in Sources */ = {isa = PBXBuildFile; fileRef = A13722EA1E9903240084F01E /* CookbookAPIService.swift */; };
		A13722EE1E9903240084F01E /* Network.swift in Sources */ = {isa = PBXBuildFile; fileRef = A13722EB1E9903240084F01E /* Network.swift */; };
		A13722F01E9903380084F01E /* Receipt.swift in Sources */ = {isa = PBXBuildFile; fileRef = A13722EF1E9903380084F01E /* Receipt.swift */; };
		A13722F31E99054F0084F01E /* BaseViewController.swift in Sources */ = {isa = PBXBuildFile; fileRef = A13722F21E99054F0084F01E /* BaseViewController.swift */; };
		A18A513B1E99F6310022D66F /* DetailsController.swift in Sources */ = {isa = PBXBuildFile; fileRef = A18A513A1E99F6310022D66F /* DetailsController.swift */; };
		A18A513E1E99F8F40022D66F /* DarkenImageView.swift in Sources */ = {isa = PBXBuildFile; fileRef = A18A513D1E99F8F40022D66F /* DarkenImageView.swift */; };
		A18A51401E9A0D1D0022D66F /* BackButton.swift in Sources */ = {isa = PBXBuildFile; fileRef = A18A513F1E9A0D1D0022D66F /* BackButton.swift */; };
		A18A51441E9A54470022D66F /* AddController.swift in Sources */ = {isa = PBXBuildFile; fileRef = A18A51431E9A54470022D66F /* AddController.swift */; };
		A18A51471E9A8B490022D66F /* ListCell.swift in Sources */ = {isa = PBXBuildFile; fileRef = A18A51461E9A8B490022D66F /* ListCell.swift */; };
		A18A514D1E9A9A580022D66F /* TextFieldContainer.swift in Sources */ = {isa = PBXBuildFile; fileRef = A18A514C1E9A9A580022D66F /* TextFieldContainer.swift */; };
		A18A514F1E9AA0CA0022D66F /* ListViewLayout.swift in Sources */ = {isa = PBXBuildFile; fileRef = A18A514E1E9AA0CA0022D66F /* ListViewLayout.swift */; };
		A18A51511E9AA1540022D66F /* NavBar.swift in Sources */ = {isa = PBXBuildFile; fileRef = A18A51501E9AA1540022D66F /* NavBar.swift */; };
		A18A51531E9AA2410022D66F /* NavLabel.swift in Sources */ = {isa = PBXBuildFile; fileRef = A18A51521E9AA2410022D66F /* NavLabel.swift */; };
		A18A51551E9AA6E80022D66F /* AddButton.swift in Sources */ = {isa = PBXBuildFile; fileRef = A18A51541E9AA6E80022D66F /* AddButton.swift */; };
		A18A51571E9AA8B80022D66F /* ListViewModel.swift in Sources */ = {isa = PBXBuildFile; fileRef = A18A51561E9AA8B80022D66F /* ListViewModel.swift */; };
		A18A51591E9ABA450022D66F /* DetailsViewLayout.swift in Sources */ = {isa = PBXBuildFile; fileRef = A18A51581E9ABA450022D66F /* DetailsViewLayout.swift */; };
		A18A515B1E9ABA8E0022D66F /* DetailsViewModel.swift in Sources */ = {isa = PBXBuildFile; fileRef = A18A515A1E9ABA8E0022D66F /* DetailsViewModel.swift */; };
		A18A515D1E9ABCAC0022D66F /* Score.swift in Sources */ = {isa = PBXBuildFile; fileRef = A18A515C1E9ABCAC0022D66F /* Score.swift */; };
		A18A515F1E9AC13F0022D66F /* BigTitleLabel.swift in Sources */ = {isa = PBXBuildFile; fileRef = A18A515E1E9AC13F0022D66F /* BigTitleLabel.swift */; };
		A18A51611E9B339F0022D66F /* TimeView.swift in Sources */ = {isa = PBXBuildFile; fileRef = A18A51601E9B339F0022D66F /* TimeView.swift */; };
		A18A51631E9B33A70022D66F /* ScoreView.swift in Sources */ = {isa = PBXBuildFile; fileRef = A18A51621E9B33A70022D66F /* ScoreView.swift */; };
		A1E209C91E9B3C06007AED3E /* ReceiptViewModeling.swift in Sources */ = {isa = PBXBuildFile; fileRef = A1E209C81E9B3C06007AED3E /* ReceiptViewModeling.swift */; };
		A1E209CB1E9B3E19007AED3E /* TextView.swift in Sources */ = {isa = PBXBuildFile; fileRef = A1E209CA1E9B3E19007AED3E /* TextView.swift */; };
		A1E209CD1E9B4046007AED3E /* ScrollView.swift in Sources */ = {isa = PBXBuildFile; fileRef = A1E209CC1E9B4046007AED3E /* ScrollView.swift */; };
		A1E209CF1E9B4434007AED3E /* RateControl.swift in Sources */ = {isa = PBXBuildFile; fileRef = A1E209CE1E9B4434007AED3E /* RateControl.swift */; };
		A1E209D11E9B885F007AED3E /* AddViewLayout.swift in Sources */ = {isa = PBXBuildFile; fileRef = A1E209D01E9B885F007AED3E /* AddViewLayout.swift */; };
		A1E209D31E9B8868007AED3E /* AddViewModel.swift in Sources */ = {isa = PBXBuildFile; fileRef = A1E209D21E9B8868007AED3E /* AddViewModel.swift */; };
		A1E209D51E9B96DA007AED3E /* NavButton.swift in Sources */ = {isa = PBXBuildFile; fileRef = A1E209D41E9B96DA007AED3E /* NavButton.swift */; };
		A1E209D71E9B9997007AED3E /* LabeledTextContainer.swift in Sources */ = {isa = PBXBuildFile; fileRef = A1E209D61E9B9997007AED3E /* LabeledTextContainer.swift */; };
		A1E209D91E9BA1CA007AED3E /* IngredientsContainer.swift in Sources */ = {isa = PBXBuildFile; fileRef = A1E209D81E9BA1CA007AED3E /* IngredientsContainer.swift */; };
		A1E5A6D41E994D3800A8CA15 /* Colors.swift in Sources */ = {isa = PBXBuildFile; fileRef = A1E5A6D31E994D3800A8CA15 /* Colors.swift */; };
		B4B8150C1E27831800C8A24B /* Assets.xcassets in Resources */ = {isa = PBXBuildFile; fileRef = B4B8150B1E27831800C8A24B /* Assets.xcassets */; };
		B4B8150F1E27831800C8A24B /* LaunchScreen.storyboard in Resources */ = {isa = PBXBuildFile; fileRef = B4B8150D1E27831800C8A24B /* LaunchScreen.storyboard */; };
/* End PBXBuildFile section */

/* Begin PBXFileReference section */
		A11EAD7C1E993AF400AB8F6E /* Fonts.swift */ = {isa = PBXFileReference; fileEncoding = 4; lastKnownFileType = sourcecode.swift; path = Fonts.swift; sourceTree = "<group>"; };
		A11EAD7E1E9941F200AB8F6E /* TableAdapter.swift */ = {isa = PBXFileReference; fileEncoding = 4; lastKnownFileType = sourcecode.swift; path = TableAdapter.swift; sourceTree = "<group>"; };
		A11EAD801E99423F00AB8F6E /* BaseCell.swift */ = {isa = PBXFileReference; fileEncoding = 4; lastKnownFileType = sourcecode.swift; path = BaseCell.swift; sourceTree = "<group>"; };
		A13722D81E98AE800084F01E /* AppDelegate.swift */ = {isa = PBXFileReference; fileEncoding = 4; lastKnownFileType = sourcecode.swift; path = AppDelegate.swift; sourceTree = "<group>"; };
		A13722E01E98AE800084F01E /* ListController.swift */ = {isa = PBXFileReference; fileEncoding = 4; lastKnownFileType = sourcecode.swift; path = ListController.swift; sourceTree = "<group>"; };
		A13722E91E9903240084F01E /* APIService.swift */ = {isa = PBXFileReference; fileEncoding = 4; lastKnownFileType = sourcecode.swift; path = APIService.swift; sourceTree = "<group>"; };
		A13722EA1E9903240084F01E /* CookbookAPIService.swift */ = {isa = PBXFileReference; fileEncoding = 4; lastKnownFileType = sourcecode.swift; path = CookbookAPIService.swift; sourceTree = "<group>"; };
		A13722EB1E9903240084F01E /* Network.swift */ = {isa = PBXFileReference; fileEncoding = 4; lastKnownFileType = sourcecode.swift; path = Network.swift; sourceTree = "<group>"; };
		A13722EF1E9903380084F01E /* Receipt.swift */ = {isa = PBXFileReference; fileEncoding = 4; lastKnownFileType = sourcecode.swift; path = Receipt.swift; sourceTree = "<group>"; };
		A13722F21E99054F0084F01E /* BaseViewController.swift */ = {isa = PBXFileReference; fileEncoding = 4; lastKnownFileType = sourcecode.swift; path = BaseViewController.swift; sourceTree = "<group>"; };
		A18A513A1E99F6310022D66F /* DetailsController.swift */ = {isa = PBXFileReference; fileEncoding = 4; lastKnownFileType = sourcecode.swift; path = DetailsController.swift; sourceTree = "<group>"; };
		A18A513D1E99F8F40022D66F /* DarkenImageView.swift */ = {isa = PBXFileReference; fileEncoding = 4; lastKnownFileType = sourcecode.swift; path = DarkenImageView.swift; sourceTree = "<group>"; };
		A18A513F1E9A0D1D0022D66F /* BackButton.swift */ = {isa = PBXFileReference; fileEncoding = 4; lastKnownFileType = sourcecode.swift; path = BackButton.swift; sourceTree = "<group>"; };
		A18A51431E9A54470022D66F /* AddController.swift */ = {isa = PBXFileReference; fileEncoding = 4; lastKnownFileType = sourcecode.swift; path = AddController.swift; sourceTree = "<group>"; };
		A18A51461E9A8B490022D66F /* ListCell.swift */ = {isa = PBXFileReference; fileEncoding = 4; lastKnownFileType = sourcecode.swift; path = ListCell.swift; sourceTree = "<group>"; };
		A18A514C1E9A9A580022D66F /* TextFieldContainer.swift */ = {isa = PBXFileReference; fileEncoding = 4; lastKnownFileType = sourcecode.swift; path = TextFieldContainer.swift; sourceTree = "<group>"; };
		A18A514E1E9AA0CA0022D66F /* ListViewLayout.swift */ = {isa = PBXFileReference; fileEncoding = 4; lastKnownFileType = sourcecode.swift; path = ListViewLayout.swift; sourceTree = "<group>"; };
		A18A51501E9AA1540022D66F /* NavBar.swift */ = {isa = PBXFileReference; fileEncoding = 4; lastKnownFileType = sourcecode.swift; path = NavBar.swift; sourceTree = "<group>"; };
		A18A51521E9AA2410022D66F /* NavLabel.swift */ = {isa = PBXFileReference; fileEncoding = 4; lastKnownFileType = sourcecode.swift; path = NavLabel.swift; sourceTree = "<group>"; };
		A18A51541E9AA6E80022D66F /* AddButton.swift */ = {isa = PBXFileReference; fileEncoding = 4; lastKnownFileType = sourcecode.swift; path = AddButton.swift; sourceTree = "<group>"; };
		A18A51561E9AA8B80022D66F /* ListViewModel.swift */ = {isa = PBXFileReference; fileEncoding = 4; lastKnownFileType = sourcecode.swift; path = ListViewModel.swift; sourceTree = "<group>"; };
		A18A51581E9ABA450022D66F /* DetailsViewLayout.swift */ = {isa = PBXFileReference; fileEncoding = 4; lastKnownFileType = sourcecode.swift; path = DetailsViewLayout.swift; sourceTree = "<group>"; };
		A18A515A1E9ABA8E0022D66F /* DetailsViewModel.swift */ = {isa = PBXFileReference; fileEncoding = 4; lastKnownFileType = sourcecode.swift; path = DetailsViewModel.swift; sourceTree = "<group>"; };
		A18A515C1E9ABCAC0022D66F /* Score.swift */ = {isa = PBXFileReference; fileEncoding = 4; lastKnownFileType = sourcecode.swift; path = Score.swift; sourceTree = "<group>"; };
		A18A515E1E9AC13F0022D66F /* BigTitleLabel.swift */ = {isa = PBXFileReference; fileEncoding = 4; lastKnownFileType = sourcecode.swift; path = BigTitleLabel.swift; sourceTree = "<group>"; };
		A18A51601E9B339F0022D66F /* TimeView.swift */ = {isa = PBXFileReference; fileEncoding = 4; lastKnownFileType = sourcecode.swift; path = TimeView.swift; sourceTree = "<group>"; };
		A18A51621E9B33A70022D66F /* ScoreView.swift */ = {isa = PBXFileReference; fileEncoding = 4; lastKnownFileType = sourcecode.swift; path = ScoreView.swift; sourceTree = "<group>"; };
		A1E209C81E9B3C06007AED3E /* ReceiptViewModeling.swift */ = {isa = PBXFileReference; fileEncoding = 4; lastKnownFileType = sourcecode.swift; path = ReceiptViewModeling.swift; sourceTree = "<group>"; };
		A1E209CA1E9B3E19007AED3E /* TextView.swift */ = {isa = PBXFileReference; fileEncoding = 4; lastKnownFileType = sourcecode.swift; path = TextView.swift; sourceTree = "<group>"; };
		A1E209CC1E9B4046007AED3E /* ScrollView.swift */ = {isa = PBXFileReference; fileEncoding = 4; lastKnownFileType = sourcecode.swift; path = ScrollView.swift; sourceTree = "<group>"; };
		A1E209CE1E9B4434007AED3E /* RateControl.swift */ = {isa = PBXFileReference; fileEncoding = 4; lastKnownFileType = sourcecode.swift; path = RateControl.swift; sourceTree = "<group>"; };
		A1E209D01E9B885F007AED3E /* AddViewLayout.swift */ = {isa = PBXFileReference; fileEncoding = 4; lastKnownFileType = sourcecode.swift; path = AddViewLayout.swift; sourceTree = "<group>"; };
		A1E209D21E9B8868007AED3E /* AddViewModel.swift */ = {isa = PBXFileReference; fileEncoding = 4; lastKnownFileType = sourcecode.swift; path = AddViewModel.swift; sourceTree = "<group>"; };
		A1E209D41E9B96DA007AED3E /* NavButton.swift */ = {isa = PBXFileReference; fileEncoding = 4; lastKnownFileType = sourcecode.swift; path = NavButton.swift; sourceTree = "<group>"; };
		A1E209D61E9B9997007AED3E /* LabeledTextContainer.swift */ = {isa = PBXFileReference; fileEncoding = 4; lastKnownFileType = sourcecode.swift; path = LabeledTextContainer.swift; sourceTree = "<group>"; };
		A1E209D81E9BA1CA007AED3E /* IngredientsContainer.swift */ = {isa = PBXFileReference; fileEncoding = 4; lastKnownFileType = sourcecode.swift; path = IngredientsContainer.swift; sourceTree = "<group>"; };
		A1E5A6D31E994D3800A8CA15 /* Colors.swift */ = {isa = PBXFileReference; fileEncoding = 4; lastKnownFileType = sourcecode.swift; path = Colors.swift; sourceTree = "<group>"; };
		B4B814FF1E27831800C8A24B /* Cookbook.app */ = {isa = PBXFileReference; explicitFileType = wrapper.application; includeInIndex = 0; path = Cookbook.app; sourceTree = BUILT_PRODUCTS_DIR; };
		B4B8150B1E27831800C8A24B /* Assets.xcassets */ = {isa = PBXFileReference; lastKnownFileType = folder.assetcatalog; path = Assets.xcassets; sourceTree = "<group>"; };
		B4B8150E1E27831800C8A24B /* Base */ = {isa = PBXFileReference; lastKnownFileType = file.storyboard; name = Base; path = Base.lproj/LaunchScreen.storyboard; sourceTree = "<group>"; };
		B4B815101E27831800C8A24B /* Info.plist */ = {isa = PBXFileReference; lastKnownFileType = text.plist.xml; path = Info.plist; sourceTree = "<group>"; };
		C1431D7E525B526FB5403B23 /* Pods-Cookbook.debug.xcconfig */ = {isa = PBXFileReference; includeInIndex = 1; lastKnownFileType = text.xcconfig; name = "Pods-Cookbook.debug.xcconfig"; path = "Pods/Target Support Files/Pods-Cookbook/Pods-Cookbook.debug.xcconfig"; sourceTree = "<group>"; };
		CDB5CA3190228A4AC89B4287 /* Pods-Cookbook.release.xcconfig */ = {isa = PBXFileReference; includeInIndex = 1; lastKnownFileType = text.xcconfig; name = "Pods-Cookbook.release.xcconfig"; path = "Pods/Target Support Files/Pods-Cookbook/Pods-Cookbook.release.xcconfig"; sourceTree = "<group>"; };
		DE01A7B96F1ED69829CA3A79 /* Pods_Cookbook.framework */ = {isa = PBXFileReference; explicitFileType = wrapper.framework; includeInIndex = 0; path = Pods_Cookbook.framework; sourceTree = BUILT_PRODUCTS_DIR; };
/* End PBXFileReference section */

/* Begin PBXFrameworksBuildPhase section */
		B4B814FC1E27831800C8A24B /* Frameworks */ = {
			isa = PBXFrameworksBuildPhase;
			buildActionMask = 2147483647;
			files = (
				9C6BCDFC5AB18D082B997E62 /* Pods_Cookbook.framework in Frameworks */,
			);
			runOnlyForDeploymentPostprocessing = 0;
		};
/* End PBXFrameworksBuildPhase section */

/* Begin PBXGroup section */
		6805D8F78D9295B51C7447AC /* Pods */ = {
			isa = PBXGroup;
			children = (
				C1431D7E525B526FB5403B23 /* Pods-Cookbook.debug.xcconfig */,
				CDB5CA3190228A4AC89B4287 /* Pods-Cookbook.release.xcconfig */,
			);
			name = Pods;
			sourceTree = "<group>";
		};
		A13722D71E98AE800084F01E /* App */ = {
			isa = PBXGroup;
			children = (
				A13722D81E98AE800084F01E /* AppDelegate.swift */,
			);
			path = App;
			sourceTree = "<group>";
		};
		A13722D91E98AE800084F01E /* Domain */ = {
			isa = PBXGroup;
			children = (
				A13722E71E9903240084F01E /* Models */,
				A13722E81E9903240084F01E /* Networking */,
			);
			path = Domain;
			sourceTree = "<group>";
		};
		A13722DD1E98AE800084F01E /* UserStories */ = {
			isa = PBXGroup;
			children = (
				A13722DE1E98AE800084F01E /* CreateRecipe */,
				A13722DF1E98AE800084F01E /* ListRecipes */,
				A13722E11E98AE800084F01E /* RecipeDetails */,
			);
			path = UserStories;
			sourceTree = "<group>";
		};
		A13722DE1E98AE800084F01E /* CreateRecipe */ = {
			isa = PBXGroup;
			children = (
				A18A51431E9A54470022D66F /* AddController.swift */,
				A1E209D01E9B885F007AED3E /* AddViewLayout.swift */,
				A1E209D21E9B8868007AED3E /* AddViewModel.swift */,
			);
			path = CreateRecipe;
			sourceTree = "<group>";
		};
		A13722DF1E98AE800084F01E /* ListRecipes */ = {
			isa = PBXGroup;
			children = (
				A13722E01E98AE800084F01E /* ListController.swift */,
				A18A514E1E9AA0CA0022D66F /* ListViewLayout.swift */,
				A18A51561E9AA8B80022D66F /* ListViewModel.swift */,
			);
			path = ListRecipes;
			sourceTree = "<group>";
		};
		A13722E11E98AE800084F01E /* RecipeDetails */ = {
			isa = PBXGroup;
			children = (
				A18A513A1E99F6310022D66F /* DetailsController.swift */,
				A18A51581E9ABA450022D66F /* DetailsViewLayout.swift */,
				A18A515A1E9ABA8E0022D66F /* DetailsViewModel.swift */,
			);
			path = RecipeDetails;
			sourceTree = "<group>";
		};
		A13722E71E9903240084F01E /* Models */ = {
			isa = PBXGroup;
			children = (
				A13722EF1E9903380084F01E /* Receipt.swift */,
				A1E209C81E9B3C06007AED3E /* ReceiptViewModeling.swift */,
				A18A515C1E9ABCAC0022D66F /* Score.swift */,
			);
			path = Models;
			sourceTree = "<group>";
		};
		A13722E81E9903240084F01E /* Networking */ = {
			isa = PBXGroup;
			children = (
				A13722E91E9903240084F01E /* APIService.swift */,
				A13722EA1E9903240084F01E /* CookbookAPIService.swift */,
				A13722EB1E9903240084F01E /* Network.swift */,
			);
			path = Networking;
			sourceTree = "<group>";
		};
		A13722F11E9905460084F01E /* Base */ = {
			isa = PBXGroup;
			children = (
				A13722F21E99054F0084F01E /* BaseViewController.swift */,
				A11EAD801E99423F00AB8F6E /* BaseCell.swift */,
				A11EAD7E1E9941F200AB8F6E /* TableAdapter.swift */,
				A11EAD7C1E993AF400AB8F6E /* Fonts.swift */,
				A1E5A6D31E994D3800A8CA15 /* Colors.swift */,
			);
			path = Base;
			sourceTree = "<group>";
		};
		A18A513C1E99F8E60022D66F /* Views */ = {
			isa = PBXGroup;
			children = (
				A18A51501E9AA1540022D66F /* NavBar.swift */,
				A18A51521E9AA2410022D66F /* NavLabel.swift */,
				A18A513D1E99F8F40022D66F /* DarkenImageView.swift */,
				A18A51541E9AA6E80022D66F /* AddButton.swift */,
				A1E209D41E9B96DA007AED3E /* NavButton.swift */,
				A18A513F1E9A0D1D0022D66F /* BackButton.swift */,
				A18A514C1E9A9A580022D66F /* TextFieldContainer.swift */,
				A1E209D61E9B9997007AED3E /* LabeledTextContainer.swift */,
				A1E209D81E9BA1CA007AED3E /* IngredientsContainer.swift */,
				A18A515E1E9AC13F0022D66F /* BigTitleLabel.swift */,
				A18A51601E9B339F0022D66F /* TimeView.swift */,
				A18A51621E9B33A70022D66F /* ScoreView.swift */,
				A1E209CA1E9B3E19007AED3E /* TextView.swift */,
				A1E209CC1E9B4046007AED3E /* ScrollView.swift */,
				A1E209CE1E9B4434007AED3E /* RateControl.swift */,
			);
			name = Views;
			path = "Cookbook-Test-Project/Views";
			sourceTree = "<group>";
		};
		A18A51451E9A8B340022D66F /* Cells */ = {
			isa = PBXGroup;
			children = (
				A18A51461E9A8B490022D66F /* ListCell.swift */,
			);
			name = Cells;
			path = "Cookbook-Test-Project/Cells";
			sourceTree = "<group>";
		};
		B4B814F61E27831800C8A24B = {
			isa = PBXGroup;
			children = (
				B4B815011E27831800C8A24B /* Source */,
				A18A51451E9A8B340022D66F /* Cells */,
				A18A513C1E99F8E60022D66F /* Views */,
				B4B815001E27831800C8A24B /* Products */,
				6805D8F78D9295B51C7447AC /* Pods */,
				F7E66392AA53079BC6C6E6F1 /* Frameworks */,
			);
			sourceTree = "<group>";
		};
		B4B815001E27831800C8A24B /* Products */ = {
			isa = PBXGroup;
			children = (
				B4B814FF1E27831800C8A24B /* Cookbook.app */,
			);
			name = Products;
			sourceTree = "<group>";
		};
		B4B815011E27831800C8A24B /* Source */ = {
			isa = PBXGroup;
			children = (
				A13722D71E98AE800084F01E /* App */,
				A13722F11E9905460084F01E /* Base */,
				A13722D91E98AE800084F01E /* Domain */,
				A13722DD1E98AE800084F01E /* UserStories */,
				B4B8150B1E27831800C8A24B /* Assets.xcassets */,
				B4B8150D1E27831800C8A24B /* LaunchScreen.storyboard */,
				B4B815101E27831800C8A24B /* Info.plist */,
			);
			name = Source;
			path = "Cookbook-Test-Project";
			sourceTree = "<group>";
		};
		F7E66392AA53079BC6C6E6F1 /* Frameworks */ = {
			isa = PBXGroup;
			children = (
				DE01A7B96F1ED69829CA3A79 /* Pods_Cookbook.framework */,
			);
			name = Frameworks;
			sourceTree = "<group>";
		};
/* End PBXGroup section */

/* Begin PBXNativeTarget section */
		B4B814FE1E27831800C8A24B /* Cookbook */ = {
			isa = PBXNativeTarget;
			buildConfigurationList = B4B815131E27831800C8A24B /* Build configuration list for PBXNativeTarget "Cookbook" */;
			buildPhases = (
				CE8F0CD3F99D005E3DDC124F /* [CP] Check Pods Manifest.lock */,
				B4B814FB1E27831800C8A24B /* Sources */,
				B4B814FC1E27831800C8A24B /* Frameworks */,
				B4B814FD1E27831800C8A24B /* Resources */,
				5336BCA0D12B37D914C70337 /* [CP] Embed Pods Frameworks */,
				1856F56BB8650FC897A7F850 /* [CP] Copy Pods Resources */,
			);
			buildRules = (
			);
			dependencies = (
			);
			name = Cookbook;
			productName = "Cookbook-Test-Project";
			productReference = B4B814FF1E27831800C8A24B /* Cookbook.app */;
			productType = "com.apple.product-type.application";
		};
/* End PBXNativeTarget section */

/* Begin PBXProject section */
		B4B814F71E27831800C8A24B /* Project object */ = {
			isa = PBXProject;
			attributes = {
				LastSwiftUpdateCheck = 0820;
				LastUpgradeCheck = 0820;
				ORGANIZATIONNAME = "Dominik Vesely";
				TargetAttributes = {
					B4B814FE1E27831800C8A24B = {
						CreatedOnToolsVersion = 8.2;
						ProvisioningStyle = Automatic;
					};
				};
			};
			buildConfigurationList = B4B814FA1E27831800C8A24B /* Build configuration list for PBXProject "Cookbook" */;
			compatibilityVersion = "Xcode 3.2";
			developmentRegion = English;
			hasScannedForEncodings = 0;
			knownRegions = (
				en,
				Base,
			);
			mainGroup = B4B814F61E27831800C8A24B;
			productRefGroup = B4B815001E27831800C8A24B /* Products */;
			projectDirPath = "";
			projectRoot = "";
			targets = (
				B4B814FE1E27831800C8A24B /* Cookbook */,
			);
		};
/* End PBXProject section */

/* Begin PBXResourcesBuildPhase section */
		B4B814FD1E27831800C8A24B /* Resources */ = {
			isa = PBXResourcesBuildPhase;
			buildActionMask = 2147483647;
			files = (
				B4B8150F1E27831800C8A24B /* LaunchScreen.storyboard in Resources */,
				B4B8150C1E27831800C8A24B /* Assets.xcassets in Resources */,
			);
			runOnlyForDeploymentPostprocessing = 0;
		};
/* End PBXResourcesBuildPhase section */

/* Begin PBXShellScriptBuildPhase section */
		1856F56BB8650FC897A7F850 /* [CP] Copy Pods Resources */ = {
			isa = PBXShellScriptBuildPhase;
			buildActionMask = 2147483647;
			files = (
			);
			inputPaths = (
			);
			name = "[CP] Copy Pods Resources";
			outputPaths = (
			);
			runOnlyForDeploymentPostprocessing = 0;
			shellPath = /bin/sh;
			shellScript = "\"${SRCROOT}/Pods/Target Support Files/Pods-Cookbook/Pods-Cookbook-resources.sh\"\n";
			showEnvVarsInLog = 0;
		};
		5336BCA0D12B37D914C70337 /* [CP] Embed Pods Frameworks */ = {
			isa = PBXShellScriptBuildPhase;
			buildActionMask = 2147483647;
			files = (
			);
			inputPaths = (
			);
			name = "[CP] Embed Pods Frameworks";
			outputPaths = (
			);
			runOnlyForDeploymentPostprocessing = 0;
			shellPath = /bin/sh;
			shellScript = "\"${SRCROOT}/Pods/Target Support Files/Pods-Cookbook/Pods-Cookbook-frameworks.sh\"\n";
			showEnvVarsInLog = 0;
		};
		CE8F0CD3F99D005E3DDC124F /* [CP] Check Pods Manifest.lock */ = {
			isa = PBXShellScriptBuildPhase;
			buildActionMask = 2147483647;
			files = (
			);
			inputPaths = (
			);
			name = "[CP] Check Pods Manifest.lock";
			outputPaths = (
			);
			runOnlyForDeploymentPostprocessing = 0;
			shellPath = /bin/sh;
			shellScript = "diff \"${PODS_ROOT}/../Podfile.lock\" \"${PODS_ROOT}/Manifest.lock\" > /dev/null\nif [ $? != 0 ] ; then\n    # print error to STDERR\n    echo \"error: The sandbox is not in sync with the Podfile.lock. Run 'pod install' or update your CocoaPods installation.\" >&2\n    exit 1\nfi\n";
			showEnvVarsInLog = 0;
		};
/* End PBXShellScriptBuildPhase section */

/* Begin PBXSourcesBuildPhase section */
		B4B814FB1E27831800C8A24B /* Sources */ = {
			isa = PBXSourcesBuildPhase;
			buildActionMask = 2147483647;
			files = (
				A18A513B1E99F6310022D66F /* DetailsController.swift in Sources */,
				A11EAD811E99423F00AB8F6E /* BaseCell.swift in Sources */,
				A1E209C91E9B3C06007AED3E /* ReceiptViewModeling.swift in Sources */,
				A18A51511E9AA1540022D66F /* NavBar.swift in Sources */,
				A1E5A6D41E994D3800A8CA15 /* Colors.swift in Sources */,
				A18A51591E9ABA450022D66F /* DetailsViewLayout.swift in Sources */,
				A11EAD7D1E993AF400AB8F6E /* Fonts.swift in Sources */,
				A1E209D91E9BA1CA007AED3E /* IngredientsContainer.swift in Sources */,
				A13722F01E9903380084F01E /* Receipt.swift in Sources */,
				A13722EE1E9903240084F01E /* Network.swift in Sources */,
				A1E209CB1E9B3E19007AED3E /* TextView.swift in Sources */,
				A18A514D1E9A9A580022D66F /* TextFieldContainer.swift in Sources */,
				A13722E61E98AE800084F01E /* ListController.swift in Sources */,
				A11EAD7F1E9941F200AB8F6E /* TableAdapter.swift in Sources */,
				A18A515B1E9ABA8E0022D66F /* DetailsViewModel.swift in Sources */,
				A18A51571E9AA8B80022D66F /* ListViewModel.swift in Sources */,
				A13722ED1E9903240084F01E /* CookbookAPIService.swift in Sources */,
				A13722EC1E9903240084F01E /* APIService.swift in Sources */,
				A18A51471E9A8B490022D66F /* ListCell.swift in Sources */,
				A1E209D71E9B9997007AED3E /* LabeledTextContainer.swift in Sources */,
				A18A515F1E9AC13F0022D66F /* BigTitleLabel.swift in Sources */,
				A18A514F1E9AA0CA0022D66F /* ListViewLayout.swift in Sources */,
				A18A51531E9AA2410022D66F /* NavLabel.swift in Sources */,
				A18A51551E9AA6E80022D66F /* AddButton.swift in Sources */,
				A18A515D1E9ABCAC0022D66F /* Score.swift in Sources */,
				A18A51441E9A54470022D66F /* AddController.swift in Sources */,
				A13722F31E99054F0084F01E /* BaseViewController.swift in Sources */,
				A1E209CF1E9B4434007AED3E /* RateControl.swift in Sources */,
				A1E209D11E9B885F007AED3E /* AddViewLayout.swift in Sources */,
				A1E209CD1E9B4046007AED3E /* ScrollView.swift in Sources */,
				A13722E21E98AE800084F01E /* AppDelegate.swift in Sources */,
				A18A513E1E99F8F40022D66F /* DarkenImageView.swift in Sources */,
				A18A51631E9B33A70022D66F /* ScoreView.swift in Sources */,
				A18A51611E9B339F0022D66F /* TimeView.swift in Sources */,
				A1E209D31E9B8868007AED3E /* AddViewModel.swift in Sources */,
				A18A51401E9A0D1D0022D66F /* BackButton.swift in Sources */,
				A1E209D51E9B96DA007AED3E /* NavButton.swift in Sources */,
			);
			runOnlyForDeploymentPostprocessing = 0;
		};
/* End PBXSourcesBuildPhase section */

/* Begin PBXVariantGroup section */
		B4B8150D1E27831800C8A24B /* LaunchScreen.storyboard */ = {
			isa = PBXVariantGroup;
			children = (
				B4B8150E1E27831800C8A24B /* Base */,
			);
			name = LaunchScreen.storyboard;
			sourceTree = "<group>";
		};
/* End PBXVariantGroup section */

/* Begin XCBuildConfiguration section */
		B4B815111E27831800C8A24B /* Debug */ = {
			isa = XCBuildConfiguration;
			buildSettings = {
				ALWAYS_SEARCH_USER_PATHS = NO;
				CLANG_ANALYZER_NONNULL = YES;
				CLANG_CXX_LANGUAGE_STANDARD = "gnu++0x";
				CLANG_CXX_LIBRARY = "libc++";
				CLANG_ENABLE_MODULES = YES;
				CLANG_ENABLE_OBJC_ARC = YES;
				CLANG_WARN_BOOL_CONVERSION = YES;
				CLANG_WARN_CONSTANT_CONVERSION = YES;
				CLANG_WARN_DIRECT_OBJC_ISA_USAGE = YES_ERROR;
				CLANG_WARN_DOCUMENTATION_COMMENTS = YES;
				CLANG_WARN_EMPTY_BODY = YES;
				CLANG_WARN_ENUM_CONVERSION = YES;
				CLANG_WARN_INFINITE_RECURSION = YES;
				CLANG_WARN_INT_CONVERSION = YES;
				CLANG_WARN_OBJC_ROOT_CLASS = YES_ERROR;
				CLANG_WARN_SUSPICIOUS_MOVE = YES;
				CLANG_WARN_UNREACHABLE_CODE = YES;
				CLANG_WARN__DUPLICATE_METHOD_MATCH = YES;
				"CODE_SIGN_IDENTITY[sdk=iphoneos*]" = "iPhone Developer";
				COPY_PHASE_STRIP = NO;
				DEBUG_INFORMATION_FORMAT = dwarf;
				ENABLE_STRICT_OBJC_MSGSEND = YES;
				ENABLE_TESTABILITY = YES;
				GCC_C_LANGUAGE_STANDARD = gnu99;
				GCC_DYNAMIC_NO_PIC = NO;
				GCC_NO_COMMON_BLOCKS = YES;
				GCC_OPTIMIZATION_LEVEL = 0;
				GCC_PREPROCESSOR_DEFINITIONS = (
					"DEBUG=1",
					"$(inherited)",
				);
				GCC_WARN_64_TO_32_BIT_CONVERSION = YES;
				GCC_WARN_ABOUT_RETURN_TYPE = YES_ERROR;
				GCC_WARN_UNDECLARED_SELECTOR = YES;
				GCC_WARN_UNINITIALIZED_AUTOS = YES_AGGRESSIVE;
				GCC_WARN_UNUSED_FUNCTION = YES;
				GCC_WARN_UNUSED_VARIABLE = YES;
				IPHONEOS_DEPLOYMENT_TARGET = 10.2;
				MTL_ENABLE_DEBUG_INFO = YES;
				ONLY_ACTIVE_ARCH = YES;
				SDKROOT = iphoneos;
				SWIFT_ACTIVE_COMPILATION_CONDITIONS = DEBUG;
				SWIFT_OPTIMIZATION_LEVEL = "-Onone";
				TARGETED_DEVICE_FAMILY = "1,2";
			};
			name = Debug;
		};
		B4B815121E27831800C8A24B /* Release */ = {
			isa = XCBuildConfiguration;
			buildSettings = {
				ALWAYS_SEARCH_USER_PATHS = NO;
				CLANG_ANALYZER_NONNULL = YES;
				CLANG_CXX_LANGUAGE_STANDARD = "gnu++0x";
				CLANG_CXX_LIBRARY = "libc++";
				CLANG_ENABLE_MODULES = YES;
				CLANG_ENABLE_OBJC_ARC = YES;
				CLANG_WARN_BOOL_CONVERSION = YES;
				CLANG_WARN_CONSTANT_CONVERSION = YES;
				CLANG_WARN_DIRECT_OBJC_ISA_USAGE = YES_ERROR;
				CLANG_WARN_DOCUMENTATION_COMMENTS = YES;
				CLANG_WARN_EMPTY_BODY = YES;
				CLANG_WARN_ENUM_CONVERSION = YES;
				CLANG_WARN_INFINITE_RECURSION = YES;
				CLANG_WARN_INT_CONVERSION = YES;
				CLANG_WARN_OBJC_ROOT_CLASS = YES_ERROR;
				CLANG_WARN_SUSPICIOUS_MOVE = YES;
				CLANG_WARN_UNREACHABLE_CODE = YES;
				CLANG_WARN__DUPLICATE_METHOD_MATCH = YES;
				"CODE_SIGN_IDENTITY[sdk=iphoneos*]" = "iPhone Developer";
				COPY_PHASE_STRIP = NO;
				DEBUG_INFORMATION_FORMAT = "dwarf-with-dsym";
				ENABLE_NS_ASSERTIONS = NO;
				ENABLE_STRICT_OBJC_MSGSEND = YES;
				GCC_C_LANGUAGE_STANDARD = gnu99;
				GCC_NO_COMMON_BLOCKS = YES;
				GCC_WARN_64_TO_32_BIT_CONVERSION = YES;
				GCC_WARN_ABOUT_RETURN_TYPE = YES_ERROR;
				GCC_WARN_UNDECLARED_SELECTOR = YES;
				GCC_WARN_UNINITIALIZED_AUTOS = YES_AGGRESSIVE;
				GCC_WARN_UNUSED_FUNCTION = YES;
				GCC_WARN_UNUSED_VARIABLE = YES;
				IPHONEOS_DEPLOYMENT_TARGET = 10.2;
				MTL_ENABLE_DEBUG_INFO = NO;
				SDKROOT = iphoneos;
				SWIFT_OPTIMIZATION_LEVEL = "-Owholemodule";
				TARGETED_DEVICE_FAMILY = "1,2";
				VALIDATE_PRODUCT = YES;
			};
			name = Release;
		};
		B4B815141E27831800C8A24B /* Debug */ = {
			isa = XCBuildConfiguration;
			baseConfigurationReference = C1431D7E525B526FB5403B23 /* Pods-Cookbook.debug.xcconfig */;
			buildSettings = {
				INFOPLIST_FILE = "Cookbook-Test-Project/Info.plist";
				LD_RUNPATH_SEARCH_PATHS = "$(inherited) @executable_path/Frameworks";
				PRODUCT_BUNDLE_IDENTIFIER = cz.ackee.cookbook;
				PRODUCT_NAME = "$(TARGET_NAME)";
				SWIFT_VERSION = 3.0;
				TARGETED_DEVICE_FAMILY = 1;
			};
			name = Debug;
		};
		B4B815151E27831800C8A24B /* Release */ = {
			isa = XCBuildConfiguration;
			baseConfigurationReference = CDB5CA3190228A4AC89B4287 /* Pods-Cookbook.release.xcconfig */;
			buildSettings = {
				INFOPLIST_FILE = "Cookbook-Test-Project/Info.plist";
				LD_RUNPATH_SEARCH_PATHS = "$(inherited) @executable_path/Frameworks";
				PRODUCT_BUNDLE_IDENTIFIER = cz.ackee.cookbook;
				PRODUCT_NAME = "$(TARGET_NAME)";
				SWIFT_VERSION = 3.0;
				TARGETED_DEVICE_FAMILY = 1;
			};
			name = Release;
		};
/* End XCBuildConfiguration section */

/* Begin XCConfigurationList section */
		B4B814FA1E27831800C8A24B /* Build configuration list for PBXProject "Cookbook" */ = {
			isa = XCConfigurationList;
			buildConfigurations = (
				B4B815111E27831800C8A24B /* Debug */,
				B4B815121E27831800C8A24B /* Release */,
			);
			defaultConfigurationIsVisible = 0;
			defaultConfigurationName = Release;
		};
		B4B815131E27831800C8A24B /* Build configuration list for PBXNativeTarget "Cookbook" */ = {
			isa = XCConfigurationList;
			buildConfigurations = (
				B4B815141E27831800C8A24B /* Debug */,
				B4B815151E27831800C8A24B /* Release */,
			);
			defaultConfigurationIsVisible = 0;
			defaultConfigurationName = Release;
		};
/* End XCConfigurationList section */
	};
	rootObject = B4B814F71E27831800C8A24B /* Project object */;
}
